
Microsoft Visual Studio Solution File, Format Version 12.00
# Visual Studio Version 17
VisualStudioVersion = 17.9.34728.123
MinimumVisualStudioVersion = 10.0.40219.1
Project("{FAE04EC0-301F-11D3-BF4B-00C04F79EFBC}") = "CRUDapp", "CRUDapp\CRUDapp.csproj", "{461698D4-08B4-4794-ADC9-946F86DCDE53}"
EndProject
Global
	GlobalSection(SolutionConfigurationPlatforms) = preSolution
		Debug|Any CPU = Debug|Any CPU
		Release|Any CPU = Release|Any CPU
	EndGlobalSection
	GlobalSection(ProjectConfigurationPlatforms) = postSolution
		{461698D4-08B4-4794-ADC9-946F86DCDE53}.Debug|Any CPU.ActiveCfg = Debug|Any CPU
		{461698D4-08B4-4794-ADC9-946F86DCDE53}.Debug|Any CPU.Build.0 = Debug|Any CPU
		{461698D4-08B4-4794-ADC9-946F86DCDE53}.Release|Any CPU.ActiveCfg = Release|Any CPU
		{461698D4-08B4-4794-ADC9-946F86DCDE53}.Release|Any CPU.Build.0 = Release|Any CPU
	EndGlobalSection
	GlobalSection(SolutionProperties) = preSolution
		HideSolutionNode = FALSE
	EndGlobalSection
	GlobalSection(ExtensibilityGlobals) = postSolution
		SolutionGuid = {33577318-672C-48C9-B6D1-B8839F149BC1}
	EndGlobalSection
EndGlobal
